
Microsoft Visual Studio Solution File, Format Version 12.00
# Visual Studio Version 16
VisualStudioVersion = 16.0.29306.81
MinimumVisualStudioVersion = 10.0.40219.1
Project("{FAE04EC0-301F-11D3-BF4B-00C04F79EFBC}") = "WindowsFormsApp6", "WindowsFormsApp6\WindowsFormsApp6.csproj", "{AEBED22C-6BAA-4627-B7C6-74DA63DA674A}"
EndProject
Global
	GlobalSection(SolutionConfigurationPlatforms) = preSolution
		Debug|Any CPU = Debug|Any CPU
		Release|Any CPU = Release|Any CPU
	EndGlobalSection
	GlobalSection(ProjectConfigurationPlatforms) = postSolution
		{AEBED22C-6BAA-4627-B7C6-74DA63DA674A}.Debug|Any CPU.ActiveCfg = Debug|Any CPU
		{AEBED22C-6BAA-4627-B7C6-74DA63DA674A}.Debug|Any CPU.Build.0 = Debug|Any CPU
		{AEBED22C-6BAA-4627-B7C6-74DA63DA674A}.Release|Any CPU.ActiveCfg = Release|Any CPU
		{AEBED22C-6BAA-4627-B7C6-74DA63DA674A}.Release|Any CPU.Build.0 = Release|Any CPU
	EndGlobalSection
	GlobalSection(SolutionProperties) = preSolution
		HideSolutionNode = FALSE
	EndGlobalSection
	GlobalSection(ExtensibilityGlobals) = postSolution
		SolutionGuid = {5AAFC61E-9524-47C8-864D-B141AC05104C}
	EndGlobalSection
EndGlobal
